{
  "name": "dsh-plugins-dev",
  "lockfileVersion": 3,
  "requires": true,
  "packages": {
    "": {
      "name": "dsh-plugins-dev",
      "dependencies": {
        "@deepseek-ai/dsh-tools": "^0.1.6-alpha.1",
        "@deepseek-ai/dsh-typert-protocol": "0.1.6-alpha.1",
        "@deepseek-ai/schemastery": "^3.18.2",
        "@trycua/cua-driver": "^0.28.1"
      }
    },
    "node_modules/@deepseek-ai/cordis": {
      "version": "4.0.2",
      "resolved": "https://registry.npmjs.org/@deepseek-ai/cordis/-/cordis-4.0.2.tgz",
      "integrity": "sha512-asOnXP1TzFSFQlHb1iegDZp0z/8WD1c7YNrwJR/Tx2bzNuMXfcekE/I67Iv6SQXeLB4csxqCngzQKANP7gdw0g==",
      "license": "MIT",
      "peer": true,
      "dependencies": {
        "@deepseek-ai/cosmokit": "^1.8.3",
        "@standard-schema/spec": "^1.1.0"
      },
      "bin": {
        "cordis": "bin.js"
      },
      "peerDependencies": {
        "@deepseek-ai/cordis-plugin-include": "^1.0.7",
        "@deepseek-ai/cordis-plugin-loader": "^1.0.3"
      },
      "peerDependenciesMeta": {
        "@deepseek-ai/cordis-plugin-include": {
          "optional": true
        },
        "@deepseek-ai/cordis-plugin-loader": {
          "optional": true
        }
      }
    },
    "node_modules/@deepseek-ai/cosmokit": {
      "version": "1.8.3",
      "resolved": "https://registry.npmjs.org/@deepseek-ai/cosmokit/-/cosmokit-1.8.3.tgz",
      "integrity": "sha512-qBo+ronVM6Eu2WNVJXi8JcMiqZ19T9BRIpV+5qJUFPXjGH/Z0QKcQMC/IZJ7L394YTOtJgcovbk9qP0w2GsBXQ==",
      "license": "MIT"
    },
    "node_modules/@deepseek-ai/dsh-agent": {
      "version": "0.1.6-alpha.1",
      "resolved": "https://registry.npmjs.org/@deepseek-ai/dsh-agent/-/dsh-agent-0.1.6-alpha.1.tgz",
      "integrity": "sha512-QIUJCzc0gVpwajKeKzZfvcIUToD5D2F2OzxZAqxiERblW5UfbT0V/4UEuNWSnz98ViAy1unfat/JJDx/r8FTxg==",
      "license": "MIT",
      "peer": true,
      "peerDependencies": {
        "@deepseek-ai/cordis": "^4.0.2",
        "@deepseek-ai/dsh-invariants": "^0.1.6-alpha.1",
        "@deepseek-ai/dsh-llm": "^0.1.6-alpha.1",
        "@deepseek-ai/dsh-scope": "^0.1.6-alpha.1",
        "@deepseek-ai/dsh-session": "^0.1.6-alpha.1",
        "@deepseek-ai/dsh-session-projection": "^0.1.6-alpha.1",
        "@deepseek-ai/dsh-system-prompt": "^0.1.6-alpha.1",
        "@deepseek-ai/dsh-typert-protocol": "^0.1.6-alpha.1",
        "@deepseek-ai/dsh-util-values": "^0.1.6-alpha.1"
      }
    },
    "node_modules/@deepseek-ai/dsh-brand": {
      "version": "0.1.6-alpha.1",
      "resolved": "https://registry.npmjs.org/@deepseek-ai/dsh-brand/-/dsh-brand-0.1.6-alpha.1.tgz",
      "integrity": "sha512-bS2ud+5KsNukiZYPCbAoNz8FOP7NSaa8ibYf/dKPmG9lLPw/GaReD+APGJs1mmqT96AhlzbxDmrQx4hlNo8fZA==",
      "license": "MIT",
      "peerDependencies": {
        "@deepseek-ai/cordis": "^4.0.2"
      }
    },
    "node_modules/@deepseek-ai/dsh-invariants": {
      "version": "0.1.6-alpha.1",
      "resolved": "https://registry.npmjs.org/@deepseek-ai/dsh-invariants/-/dsh-invariants-0.1.6-alpha.1.tgz",
      "integrity": "sha512-kCQIyhVBIk2mfSMnBkT+vxU//gdxTAiYZ3ffXcgpdXDn7CeAzUcyk49LeLsllQZJB7cZWMIF/CLhCsU6hzSykQ==",
      "license": "MIT",
      "peer": true,
      "dependencies": {
        "@deepseek-ai/schemastery": "^3.18.2"
      },
      "peerDependencies": {
        "@deepseek-ai/cordis": "^4.0.2"
      }
    },
    "node_modules/@deepseek-ai/dsh-llm": {
      "version": "0.1.6-alpha.1",
      "resolved": "https://registry.npmjs.org/@deepseek-ai/dsh-llm/-/dsh-llm-0.1.6-alpha.1.tgz",
      "integrity": "sha512-J6CR7lfZEDrYnmWbuN8m3Vso7pQYhBGeecT+uvF4jEsCbVeEXLNbqjOBFudlPR2BXZQI7DqG6uJ6I1doJpLIew==",
      "license": "MIT",
      "peer": true,
      "dependencies": {
        "@deepseek-ai/dsh-brand": "^0.1.6-alpha.1",
        "@deepseek-ai/dsh-timeout": "^0.1.6-alpha.1",
        "@deepseek-ai/dsh-typert-protocol": "^0.1.6-alpha.1",
        "@deepseek-ai/dsh-util-crypto": "^0.1.6-alpha.1",
        "@deepseek-ai/dsh-util-values": "^0.1.6-alpha.1",
        "@deepseek-ai/schemastery": "^3.18.2",
        "zod": "^4.4.3"
      },
      "peerDependencies": {
        "@deepseek-ai/cordis": "^4.0.2"
      }
    },
    "node_modules/@deepseek-ai/dsh-ptc-runtime": {
      "version": "0.1.6-alpha.1",
      "resolved": "https://registry.npmjs.org/@deepseek-ai/dsh-ptc-runtime/-/dsh-ptc-runtime-0.1.6-alpha.1.tgz",
      "integrity": "sha512-gUaXOhZ77jYIVu/1lyJe6UeKXOyEIAoYC76d0+M0oMiufCLetOOaPyppkUBFRH95ILvc4ldX6Em46kfexMQnpQ==",
      "license": "MIT",
      "peer": true,
      "peerDependencies": {
        "@deepseek-ai/cordis": "^4.0.2",
        "@deepseek-ai/dsh-sandbox": "^0.1.6-alpha.1"
      }
    },
    "node_modules/@deepseek-ai/dsh-sandbox": {
      "version": "0.1.6-alpha.1",
      "resolved": "https://registry.npmjs.org/@deepseek-ai/dsh-sandbox/-/dsh-sandbox-0.1.6-alpha.1.tgz",
      "integrity": "sha512-GLIJ5tdC08OO+3KKiv8jpHudtLO1nXvOXGw8VwCDzwl7AqG/O90xkvY/R2AkyFQ31CiCjywRQzkPdmlCm8Uf3w==",
      "license": "MIT",
      "peer": true,
      "dependencies": {
        "@deepseek-ai/dsh-util-values": "^0.1.6-alpha.1"
      },
      "peerDependencies": {
        "@deepseek-ai/cordis": "^4.0.2",
        "@deepseek-ai/dsh-llm": "^0.1.6-alpha.1",
        "@deepseek-ai/dsh-session": "^0.1.6-alpha.1"
      }
    },
    "node_modules/@deepseek-ai/dsh-sandbox-policy": {
      "version": "0.1.6-alpha.1",
      "resolved": "https://registry.npmjs.org/@deepseek-ai/dsh-sandbox-policy/-/dsh-sandbox-policy-0.1.6-alpha.1.tgz",
      "integrity": "sha512-mjGj+UIY9oQWv6lnG+s9bQ6VWqq4AfzZn8I269caIVG3UOk5/R4+M4r5gdpxsuEVQFlPrgnNydcb16NriRdbnA==",
      "license": "MIT",
      "peer": true,
      "dependencies": {
        "@deepseek-ai/schemastery": "^3.18.2",
        "zod": "^4.4.3"
      },
      "peerDependencies": {
        "@deepseek-ai/cordis": "^4.0.2",
        "@deepseek-ai/dsh-agent": "^0.1.6-alpha.1",
        "@deepseek-ai/dsh-invariants": "^0.1.6-alpha.1",
        "@deepseek-ai/dsh-sandbox": "^0.1.6-alpha.1",
        "@deepseek-ai/dsh-session": "^0.1.6-alpha.1",
        "@deepseek-ai/dsh-session-projection": "^0.1.6-alpha.1",
        "@deepseek-ai/dsh-system-prompt": "^0.1.6-alpha.1"
      }
    },
    "node_modules/@deepseek-ai/dsh-scope": {
      "version": "0.1.6-alpha.1",
      "resolved": "https://registry.npmjs.org/@deepseek-ai/dsh-scope/-/dsh-scope-0.1.6-alpha.1.tgz",
      "integrity": "sha512-InFGdrRr/o5Shn+8oOJz5/5njJh1h7YmZufXmSn0z+sjc/y684WHhvHqmES8Y2xieJ96e9VL8wNeiIQpaKce5A==",
      "license": "MIT",
      "peer": true,
      "peerDependencies": {
        "@deepseek-ai/cordis": "^4.0.2",
        "@deepseek-ai/dsh-invariants": "^0.1.6-alpha.1"
      }
    },
    "node_modules/@deepseek-ai/dsh-session": {
      "version": "0.1.6-alpha.1",
      "resolved": "https://registry.npmjs.org/@deepseek-ai/dsh-session/-/dsh-session-0.1.6-alpha.1.tgz",
      "integrity": "sha512-IUdpUwIZaQIXNrgaYr0JAwAhUuhmjzzIgrg8Q8bSQM6fO+nYHIERF/MQZHnnon7wkibtyak+Nj8RKF82boQWIA==",
      "license": "MIT",
      "peer": true,
      "dependencies": {
        "@deepseek-ai/dsh-brand": "^0.1.6-alpha.1",
        "@deepseek-ai/dsh-llm": "^0.1.6-alpha.1",
        "@deepseek-ai/dsh-util-values": "^0.1.6-alpha.1"
      },
      "peerDependencies": {
        "@deepseek-ai/cordis": "^4.0.2",
        "@deepseek-ai/dsh-scope": "^0.1.6-alpha.1"
      }
    },
    "node_modules/@deepseek-ai/dsh-session-projection": {
      "version": "0.1.6-alpha.1",
      "resolved": "https://registry.npmjs.org/@deepseek-ai/dsh-session-projection/-/dsh-session-projection-0.1.6-alpha.1.tgz",
      "integrity": "sha512-rvN5s2TTE/sRqePUoqUkWxhEpggNlbEm3xSBt+Hpxdn683kcYlKmyrVb4oKfc+Zk+7RSC6HmbiNrAlJLJxdJ4w==",
      "license": "MIT",
      "peer": true,
      "dependencies": {
        "zod": "^4.4.3"
      },
      "peerDependencies": {
        "@deepseek-ai/cordis": "^4.0.2",
        "@deepseek-ai/dsh-session": "^0.1.6-alpha.1"
      }
    },
    "node_modules/@deepseek-ai/dsh-system-prompt": {
      "version": "0.1.6-alpha.1",
      "resolved": "https://registry.npmjs.org/@deepseek-ai/dsh-system-prompt/-/dsh-system-prompt-0.1.6-alpha.1.tgz",
      "integrity": "sha512-Lc+udg/vuacydI9CnOC9syc762nkIm/SarqdcJf4YAXT257u4BMYD05JNS+B06VhXT3vfwOTaXyyt0TJ9Qi7zA==",
      "license": "MIT",
      "peer": true,
      "dependencies": {
        "@deepseek-ai/schemastery": "^3.18.2"
      },
      "peerDependencies": {
        "@deepseek-ai/cordis": "^4.0.2",
        "@deepseek-ai/dsh-invariants": "^0.1.6-alpha.1",
        "@deepseek-ai/dsh-llm": "^0.1.6-alpha.1",
        "@deepseek-ai/dsh-scope": "^0.1.6-alpha.1"
      }
    },
    "node_modules/@deepseek-ai/dsh-timeout": {
      "version": "0.1.6-alpha.1",
      "resolved": "https://registry.npmjs.org/@deepseek-ai/dsh-timeout/-/dsh-timeout-0.1.6-alpha.1.tgz",
      "integrity": "sha512-RuDwOyXm68OsIqj/DVx1zXQLIArrubrkYRbpOxbBmNQQ5WCEVxGDvAXQPUd2ULw4RJo0tIBx0nqQ85kkKRrQew==",
      "license": "MIT",
      "peer": true,
      "peerDependencies": {
        "@deepseek-ai/cordis": "^4.0.2"
      }
    },
    "node_modules/@deepseek-ai/dsh-tools": {
      "version": "0.1.6-alpha.1",
      "resolved": "https://registry.npmjs.org/@deepseek-ai/dsh-tools/-/dsh-tools-0.1.6-alpha.1.tgz",
      "integrity": "sha512-kMVU8nZvM9jaam60FH9px2m/vcvXCcuSdZNf3fhZ1N/5mjbdhXLm5CGaNV8QaDlrYjpV8L/wop8TO3LaDuufqA==",
      "license": "MIT",
      "dependencies": {
        "@deepseek-ai/dsh-brand": "^0.1.6-alpha.1",
        "@deepseek-ai/dsh-util-values": "^0.1.6-alpha.1",
        "@deepseek-ai/schemastery": "^3.18.2"
      },
      "peerDependencies": {
        "@deepseek-ai/cordis": "^4.0.2",
        "@deepseek-ai/dsh-agent": "^0.1.6-alpha.1",
        "@deepseek-ai/dsh-invariants": "^0.1.6-alpha.1",
        "@deepseek-ai/dsh-llm": "^0.1.6-alpha.1",
        "@deepseek-ai/dsh-ptc-runtime": "^0.1.6-alpha.1",
        "@deepseek-ai/dsh-sandbox": "^0.1.6-alpha.1",
        "@deepseek-ai/dsh-sandbox-policy": "^0.1.6-alpha.1",
        "@deepseek-ai/dsh-scope": "^0.1.6-alpha.1",
        "@deepseek-ai/dsh-session": "^0.1.6-alpha.1",
        "@deepseek-ai/dsh-system-prompt": "^0.1.6-alpha.1",
        "@deepseek-ai/dsh-user-approval": "^0.1.6-alpha.1"
      }
    },
    "node_modules/@deepseek-ai/dsh-typert-protocol": {
      "version": "0.1.6-alpha.1",
      "resolved": "https://registry.npmjs.org/@deepseek-ai/dsh-typert-protocol/-/dsh-typert-protocol-0.1.6-alpha.1.tgz",
      "integrity": "sha512-szYjrNvmlLMcR+3dDTAP+2sTqVy0MvRWkJeA1Y5CzT//HiimNDB7+q6WZX1jZ3m2ZyIfHQqfsnUVZ+PXIYHCyw==",
      "license": "MIT",
      "peerDependencies": {
        "@deepseek-ai/cordis": "^4.0.2"
      }
    },
    "node_modules/@deepseek-ai/dsh-user-approval": {
      "version": "0.1.6-alpha.1",
      "resolved": "https://registry.npmjs.org/@deepseek-ai/dsh-user-approval/-/dsh-user-approval-0.1.6-alpha.1.tgz",
      "integrity": "sha512-0jpco20Iq8x4kDSCxXZEF2LwthCIxkzt9ewJfTF1qrGUDDOKb6smPHnR6EnLjL4oBzieT57MGIyADaCL3wjzOQ==",
      "license": "MIT",
      "peer": true,
      "dependencies": {
        "@deepseek-ai/schemastery": "^3.18.2"
      },
      "peerDependencies": {
        "@deepseek-ai/cordis": "^4.0.2",
        "@deepseek-ai/dsh-agent": "^0.1.6-alpha.1",
        "@deepseek-ai/dsh-brand": "^0.1.6-alpha.1",
        "@deepseek-ai/dsh-invariants": "^0.1.6-alpha.1",
        "@deepseek-ai/dsh-llm": "^0.1.6-alpha.1",
        "@deepseek-ai/dsh-scope": "^0.1.6-alpha.1",
        "@deepseek-ai/dsh-session": "^0.1.6-alpha.1",
        "@deepseek-ai/dsh-system-prompt": "^0.1.6-alpha.1"
      }
    },
    "node_modules/@deepseek-ai/dsh-util-crypto": {
      "version": "0.1.6-alpha.1",
      "resolved": "https://registry.npmjs.org/@deepseek-ai/dsh-util-crypto/-/dsh-util-crypto-0.1.6-alpha.1.tgz",
      "integrity": "sha512-sNr5pLIajPOT9cOn61QfEsWYCBme47DFRajL3OTiOxrd7L4Ch+HgPUunUolofFNjq37gXave6/2+dcsv3L3BnA==",
      "license": "MIT",
      "peer": true,
      "peerDependencies": {
        "@deepseek-ai/cordis": "^4.0.2"
      }
    },
    "node_modules/@deepseek-ai/dsh-util-values": {
      "version": "0.1.6-alpha.1",
      "resolved": "https://registry.npmjs.org/@deepseek-ai/dsh-util-values/-/dsh-util-values-0.1.6-alpha.1.tgz",
      "integrity": "sha512-YtF7+XmWKY7E48ozmPEXTJT+Wn8HN4MPytY+MRoySsPRAJJp09/68oo/dKcOND+ZEWUZiJN8KJUrBcTB3VSm2Q==",
      "license": "MIT",
      "peerDependencies": {
        "@deepseek-ai/cordis": "^4.0.2"
      }
    },
    "node_modules/@deepseek-ai/schemastery": {
      "version": "3.18.2",
      "resolved": "https://registry.npmjs.org/@deepseek-ai/schemastery/-/schemastery-3.18.2.tgz",
      "integrity": "sha512-njDtZsznjYxok7KLLlHOPyuv2efdWVbSflAHgztSfbMsg+CVraEoRe2DjOCgClYv3ZCSm7WXoaUkbB/+RY7tWQ==",
      "license": "MIT",
      "dependencies": {
        "@deepseek-ai/cosmokit": "^1.8.3",
        "@standard-schema/spec": "^1.1.0"
      }
    },
    "node_modules/@standard-schema/spec": {
      "version": "1.1.0",
      "resolved": "https://registry.npmjs.org/@standard-schema/spec/-/spec-1.1.0.tgz",
      "integrity": "sha512-l2aFy5jALhniG5HgqrD6jXLi/rUWrKvqN/qJx6yoJsgKhblVd+iqqU4RCXavm/jPityDo5TCvKMnpjKnOriy0w==",
      "license": "MIT"
    },
    "node_modules/@trycua/cua-driver": {
      "version": "0.28.1",
      "resolved": "https://registry.npmjs.org/@trycua/cua-driver/-/cua-driver-0.28.1.tgz",
      "integrity": "sha512-SrcOyf++1gw6IPaQm5OILQgJy0A+pZ3i4JheP9b3Wq4U2sRtnDzL//Ba8dY68bCargELT9PdFLYB7fPSqLE/BQ==",
      "license": "MIT",
      "dependencies": {
        "@ubjs/core": "0.31.0-3",
        "@ubjs/node": "0.31.0-3"
      },
      "optionalDependencies": {
        "@trycua/cua-driver-darwin-arm64": "0.28.1",
        "@trycua/cua-driver-darwin-x64": "0.28.1",
        "@trycua/cua-driver-linux-arm64-gnu": "0.28.1",
        "@trycua/cua-driver-linux-x64-gnu": "0.28.1",
        "@trycua/cua-driver-win32-arm64-msvc": "0.28.1",
        "@trycua/cua-driver-win32-x64-msvc": "0.28.1"
      }
    },
    "node_modules/@trycua/cua-driver-darwin-arm64": {
      "version": "0.28.1",
      "resolved": "https://registry.npmjs.org/@trycua/cua-driver-darwin-arm64/-/cua-driver-darwin-arm64-0.28.1.tgz",
      "integrity": "sha512-VTh47RcRL/arJpjA7VXOarLuUXpHM+YHQRV9ZCkFCdLj2RyF7TeCKMP64rjRNvgZdeTR6zpbqyiNFJfrX3Q6nw==",
      "cpu": [
        "arm64"
      ],
      "license": "MIT AND MPL-2.0",
      "optional": true,
      "os": [
        "darwin"
      ]
    },
    "node_modules/@trycua/cua-driver-darwin-x64": {
      "version": "0.28.1",
      "resolved": "https://registry.npmjs.org/@trycua/cua-driver-darwin-x64/-/cua-driver-darwin-x64-0.28.1.tgz",
      "integrity": "sha512-+wOj2722VsGllM4lzb9+8UXOPxOaPteRBLiO/0evPp6oMdBgcFiSvzTkl1NTDU+W4v5TK7wXJTZrIhAq1+HwEw==",
      "cpu": [
        "x64"
      ],
      "license": "MIT AND MPL-2.0",
      "optional": true,
      "os": [
        "darwin"
      ]
    },
    "node_modules/@trycua/cua-driver-linux-arm64-gnu": {
      "version": "0.28.1",
      "resolved": "https://registry.npmjs.org/@trycua/cua-driver-linux-arm64-gnu/-/cua-driver-linux-arm64-gnu-0.28.1.tgz",
      "integrity": "sha512-2Bsydtz7MDRACcwVDpKbiGCQjND+LLHabdwN4k8BUs0u03Rj/cRmWVi8FFAafZ69kN6AQFZeLstOH67OAjgvUg==",
      "cpu": [
        "arm64"
      ],
      "libc": [
        "glibc"
      ],
      "license": "MIT AND MPL-2.0",
      "optional": true,
      "os": [
        "linux"
      ]
    },
    "node_modules/@trycua/cua-driver-linux-x64-gnu": {
      "version": "0.28.1",
      "resolved": "https://registry.npmjs.org/@trycua/cua-driver-linux-x64-gnu/-/cua-driver-linux-x64-gnu-0.28.1.tgz",
      "integrity": "sha512-HbTnlSNtMmAzY8/4i+G0ir7gYpJXeyPxhqqmqN6C5ot+FiBvbrLzRIimjy8Dk5QBjep2ANrbfnqb+WsztXU/VQ==",
      "cpu": [
        "x64"
      ],
      "libc": [
        "glibc"
      ],
      "license": "MIT AND MPL-2.0",
      "optional": true,
      "os": [
        "linux"
      ]
    },
    "node_modules/@trycua/cua-driver-win32-arm64-msvc": {
      "version": "0.28.1",
      "resolved": "https://registry.npmjs.org/@trycua/cua-driver-win32-arm64-msvc/-/cua-driver-win32-arm64-msvc-0.28.1.tgz",
      "integrity": "sha512-tW5adqnFNfHi6Qsh0bHxuacvgcgHGxeX/xsGbUInVEA9g9OuAXsyaMqH/xGKBpFdf1FzIUCdICHaygiahveKTQ==",
      "cpu": [
        "arm64"
      ],
      "license": "MIT AND MPL-2.0",
      "optional": true,
      "os": [
        "win32"
      ]
    },
    "node_modules/@trycua/cua-driver-win32-x64-msvc": {
      "version": "0.28.1",
      "resolved": "https://registry.npmjs.org/@trycua/cua-driver-win32-x64-msvc/-/cua-driver-win32-x64-msvc-0.28.1.tgz",
      "integrity": "sha512-n//7UYF8nL0D2rbevfsjQWbthHx03yyVIZa8XJMb7EAv7fTqU0mzCum1cEdt6ISoPWbeVzqGSSJdbO4G1Co6Lg==",
      "cpu": [
        "x64"
      ],
      "license": "MIT AND MPL-2.0",
      "optional": true,
      "os": [
        "win32"
      ]
    },
    "node_modules/@ubjs/core": {
      "version": "0.31.0-3",
      "resolved": "https://registry.npmjs.org/@ubjs/core/-/core-0.31.0-3.tgz",
      "integrity": "sha512-39XrJgUZ2VVb561sSnkXPhczNoeBsNiSRArecsV0JE7CJq69ajFkcn9/tBAUS2NpgHkLIDU+z6Ks2+1wXnboxg==",
      "license": "MPL-2.0"
    },
    "node_modules/@ubjs/node": {
      "version": "0.31.0-3",
      "resolved": "https://registry.npmjs.org/@ubjs/node/-/node-0.31.0-3.tgz",
      "integrity": "sha512-qNMpi2LICNwxGXZyRF8fSDBSpbezyZbEsydrbiMPJOmtOWr4tmZIEl7jkWGHVGShoBvHfFo4eHp5B4UVP928Cg==",
      "license": "MPL-2.0",
      "optionalDependencies": {
        "@ubjs/node-darwin-arm64": "0.31.0-3",
        "@ubjs/node-darwin-x64": "0.31.0-3",
        "@ubjs/node-linux-arm64-gnu": "0.31.0-3",
        "@ubjs/node-linux-arm64-musl": "0.31.0-3",
        "@ubjs/node-linux-x64-gnu": "0.31.0-3",
        "@ubjs/node-linux-x64-musl": "0.31.0-3",
        "@ubjs/node-win32-arm64-msvc": "0.31.0-3",
        "@ubjs/node-win32-x64-msvc": "0.31.0-3"
      }
    },
    "node_modules/@ubjs/node-darwin-arm64": {
      "version": "0.31.0-3",
      "resolved": "https://registry.npmjs.org/@ubjs/node-darwin-arm64/-/node-darwin-arm64-0.31.0-3.tgz",
      "integrity": "sha512-GGQVPLkVo4Gc8qVLW4IGvS8bjl8eHXyeP4a97ntGmsAdXwE5gsS29o8xUEFROjhwHKD+9sgVeblCSWVG3CpHsw==",
      "cpu": [
        "arm64"
      ],
      "license": "MPL-2.0",
      "optional": true,
      "os": [
        "darwin"
      ]
    },
    "node_modules/@ubjs/node-darwin-x64": {
      "version": "0.31.0-3",
      "resolved": "https://registry.npmjs.org/@ubjs/node-darwin-x64/-/node-darwin-x64-0.31.0-3.tgz",
      "integrity": "sha512-2sc47u4XFYOsbmP5EW+Gx8m/yGrYnfFDFQm6+kz7goSWTNg84eEiz3COs9HKJDVuNJ5Khv5XipTO8CFadMLXCw==",
      "cpu": [
        "x64"
      ],
      "license": "MPL-2.0",
      "optional": true,
      "os": [
        "darwin"
      ]
    },
    "node_modules/@ubjs/node-linux-arm64-gnu": {
      "version": "0.31.0-3",
      "resolved": "https://registry.npmjs.org/@ubjs/node-linux-arm64-gnu/-/node-linux-arm64-gnu-0.31.0-3.tgz",
      "integrity": "sha512-YStVXhYz/5jvlWf/p4fhiVT72unYAbGugifFC9QmO/+hnroQDAQ5t8SARbsc15G4olMcamdIB+GETiUB7gmaYg==",
      "cpu": [
        "arm64"
      ],
      "libc": [
        "glibc"
      ],
      "license": "MPL-2.0",
      "optional": true,
      "os": [
        "linux"
      ]
    },
    "node_modules/@ubjs/node-linux-arm64-musl": {
      "version": "0.31.0-3",
      "resolved": "https://registry.npmjs.org/@ubjs/node-linux-arm64-musl/-/node-linux-arm64-musl-0.31.0-3.tgz",
      "integrity": "sha512-Izp4nvfy/LmibzFowAztkoDOksCR2fb2zl6fh1ojR1HEsg0rAGruxtI8d3fn8DI0lBXwqmn6SF///oD4mFNJPQ==",
      "cpu": [
        "arm64"
      ],
      "libc": [
        "musl"
      ],
      "license": "MPL-2.0",
      "optional": true,
      "os": [
        "linux"
      ]
    },
    "node_modules/@ubjs/node-linux-x64-gnu": {
      "version": "0.31.0-3",
      "resolved": "https://registry.npmjs.org/@ubjs/node-linux-x64-gnu/-/node-linux-x64-gnu-0.31.0-3.tgz",
      "integrity": "sha512-Xdm21blyg5U/kW6s7OMvgrr8coGTkUlt26DVR9x8gKISif+E3YwdEskbFScWqystAiJnfjw7xHEc8UMu0Qlz7Q==",
      "cpu": [
        "x64"
      ],
      "libc": [
        "glibc"
      ],
      "license": "MPL-2.0",
      "optional": true,
      "os": [
        "linux"
      ]
    },
    "node_modules/@ubjs/node-linux-x64-musl": {
      "version": "0.31.0-3",
      "resolved": "https://registry.npmjs.org/@ubjs/node-linux-x64-musl/-/node-linux-x64-musl-0.31.0-3.tgz",
      "integrity": "sha512-fFQ9BWS6i2LUH9SJgD9oEiKXXo/say59vHy7usFe1t7C2xvwvP34f5SuxXmWP9R8fHyA0aC4kIZ+TTwyHSv1Kw==",
      "cpu": [
        "x64"
      ],
      "libc": [
        "musl"
      ],
      "license": "MPL-2.0",
      "optional": true,
      "os": [
        "linux"
      ]
    },
    "node_modules/@ubjs/node-win32-arm64-msvc": {
      "version": "0.31.0-3",
      "resolved": "https://registry.npmjs.org/@ubjs/node-win32-arm64-msvc/-/node-win32-arm64-msvc-0.31.0-3.tgz",
      "integrity": "sha512-ID6rSz1NmPsWTNBBNAw4OnJ5Dj8pcbtNJtdPB3OxcGigLBd/e0x7buhSI7os6Mo5iYtEdCynBRQHFJwub5XSPg==",
      "cpu": [
        "arm64"
      ],
      "license": "MPL-2.0",
      "optional": true,
      "os": [
        "win32"
      ]
    },
    "node_modules/@ubjs/node-win32-x64-msvc": {
      "version": "0.31.0-3",
      "resolved": "https://registry.npmjs.org/@ubjs/node-win32-x64-msvc/-/node-win32-x64-msvc-0.31.0-3.tgz",
      "integrity": "sha512-wevs+Y+szwcCUT8IJFbB4/1nfxyRv/51l8oG7FGUPWD1xLPyuHfJBG27C+PDeC7KRzes/2n6aLo4DGZbr/LYTw==",
      "cpu": [
        "x64"
      ],
      "license": "MPL-2.0",
      "optional": true,
      "os": [
        "win32"
      ]
    },
    "node_modules/zod": {
      "version": "4.6.5",
      "resolved": "https://registry.npmjs.org/zod/-/zod-4.6.5.tgz",
      "integrity": "sha512-v5l/aFXZQeai4awLbOpSoHecE9UiMrnfx75tEXLjNonXVARxQ5mOeipTjROUchszUNCqnE+hqAMujRsRHsut2Q==",
      "license": "MIT",
      "peer": true,
      "funding": {
        "url": "https://github.com/sponsors/colinhacks"
      }
    }
  }
}
