lockfileVersion: '9.0'

settings:
  autoInstallPeers: true
  excludeLinksFromLockfile: false

importers:

  .:
    dependencies:
      '@deepseek-ai/dsh-tools':
        specifier: ^0.1.6-alpha.1
        version: 0.1.6-alpha.1(e89197212305e1b19bd6df05221bc44b)
      '@deepseek-ai/dsh-typert-protocol':
        specifier: 0.1.6-alpha.1
        version: 0.1.6-alpha.1(@deepseek-ai/cordis@4.0.2)
      '@deepseek-ai/schemastery':
        specifier: ^3.18.2
        version: 3.18.2
      '@trycua/cua-driver':
        specifier: ^0.28.1
        version: 0.28.1
    devDependencies:
      koffi:
        specifier: ^3.2.1
        version: 3.2.1

packages:

  '@deepseek-ai/cordis@4.0.2':
    resolution: {integrity: sha512-asOnXP1TzFSFQlHb1iegDZp0z/8WD1c7YNrwJR/Tx2bzNuMXfcekE/I67Iv6SQXeLB4csxqCngzQKANP7gdw0g==}
    hasBin: true
    peerDependencies:
      '@deepseek-ai/cordis-plugin-include': ^1.0.7
      '@deepseek-ai/cordis-plugin-loader': ^1.0.3
    peerDependenciesMeta:
      '@deepseek-ai/cordis-plugin-include':
        optional: true
      '@deepseek-ai/cordis-plugin-loader':
        optional: true

  '@deepseek-ai/cosmokit@1.8.3':
    resolution: {integrity: sha512-qBo+ronVM6Eu2WNVJXi8JcMiqZ19T9BRIpV+5qJUFPXjGH/Z0QKcQMC/IZJ7L394YTOtJgcovbk9qP0w2GsBXQ==}

  '@deepseek-ai/dsh-agent@0.1.6-alpha.1':
    resolution: {integrity: sha512-QIUJCzc0gVpwajKeKzZfvcIUToD5D2F2OzxZAqxiERblW5UfbT0V/4UEuNWSnz98ViAy1unfat/JJDx/r8FTxg==}
    peerDependencies:
      '@deepseek-ai/cordis': ^4.0.2
      '@deepseek-ai/dsh-invariants': ^0.1.6-alpha.1
      '@deepseek-ai/dsh-llm': ^0.1.6-alpha.1
      '@deepseek-ai/dsh-scope': ^0.1.6-alpha.1
      '@deepseek-ai/dsh-session': ^0.1.6-alpha.1
      '@deepseek-ai/dsh-session-projection': ^0.1.6-alpha.1
      '@deepseek-ai/dsh-system-prompt': ^0.1.6-alpha.1
      '@deepseek-ai/dsh-typert-protocol': ^0.1.6-alpha.1
      '@deepseek-ai/dsh-util-values': ^0.1.6-alpha.1

  '@deepseek-ai/dsh-brand@0.1.6-alpha.1':
    resolution: {integrity: sha512-bS2ud+5KsNukiZYPCbAoNz8FOP7NSaa8ibYf/dKPmG9lLPw/GaReD+APGJs1mmqT96AhlzbxDmrQx4hlNo8fZA==}
    peerDependencies:
      '@deepseek-ai/cordis': ^4.0.2

  '@deepseek-ai/dsh-invariants@0.1.6-alpha.1':
    resolution: {integrity: sha512-kCQIyhVBIk2mfSMnBkT+vxU//gdxTAiYZ3ffXcgpdXDn7CeAzUcyk49LeLsllQZJB7cZWMIF/CLhCsU6hzSykQ==}
    peerDependencies:
      '@deepseek-ai/cordis': ^4.0.2

  '@deepseek-ai/dsh-llm@0.1.6-alpha.1':
    resolution: {integrity: sha512-J6CR7lfZEDrYnmWbuN8m3Vso7pQYhBGeecT+uvF4jEsCbVeEXLNbqjOBFudlPR2BXZQI7DqG6uJ6I1doJpLIew==}
    peerDependencies:
      '@deepseek-ai/cordis': ^4.0.2

  '@deepseek-ai/dsh-ptc-runtime@0.1.6-alpha.1':
    resolution: {integrity: sha512-gUaXOhZ77jYIVu/1lyJe6UeKXOyEIAoYC76d0+M0oMiufCLetOOaPyppkUBFRH95ILvc4ldX6Em46kfexMQnpQ==}
    peerDependencies:
      '@deepseek-ai/cordis': ^4.0.2
      '@deepseek-ai/dsh-sandbox': ^0.1.6-alpha.1

  '@deepseek-ai/dsh-sandbox-policy@0.1.6-alpha.1':
    resolution: {integrity: sha512-mjGj+UIY9oQWv6lnG+s9bQ6VWqq4AfzZn8I269caIVG3UOk5/R4+M4r5gdpxsuEVQFlPrgnNydcb16NriRdbnA==}
    peerDependencies:
      '@deepseek-ai/cordis': ^4.0.2
      '@deepseek-ai/dsh-agent': ^0.1.6-alpha.1
      '@deepseek-ai/dsh-invariants': ^0.1.6-alpha.1
      '@deepseek-ai/dsh-sandbox': ^0.1.6-alpha.1
      '@deepseek-ai/dsh-session': ^0.1.6-alpha.1
      '@deepseek-ai/dsh-session-projection': ^0.1.6-alpha.1
      '@deepseek-ai/dsh-system-prompt': ^0.1.6-alpha.1

  '@deepseek-ai/dsh-sandbox@0.1.6-alpha.1':
    resolution: {integrity: sha512-GLIJ5tdC08OO+3KKiv8jpHudtLO1nXvOXGw8VwCDzwl7AqG/O90xkvY/R2AkyFQ31CiCjywRQzkPdmlCm8Uf3w==}
    peerDependencies:
      '@deepseek-ai/cordis': ^4.0.2
      '@deepseek-ai/dsh-llm': ^0.1.6-alpha.1
      '@deepseek-ai/dsh-session': ^0.1.6-alpha.1

  '@deepseek-ai/dsh-scope@0.1.6-alpha.1':
    resolution: {integrity: sha512-InFGdrRr/o5Shn+8oOJz5/5njJh1h7YmZufXmSn0z+sjc/y684WHhvHqmES8Y2xieJ96e9VL8wNeiIQpaKce5A==}
    peerDependencies:
      '@deepseek-ai/cordis': ^4.0.2
      '@deepseek-ai/dsh-invariants': ^0.1.6-alpha.1

  '@deepseek-ai/dsh-session-projection@0.1.6-alpha.1':
    resolution: {integrity: sha512-rvN5s2TTE/sRqePUoqUkWxhEpggNlbEm3xSBt+Hpxdn683kcYlKmyrVb4oKfc+Zk+7RSC6HmbiNrAlJLJxdJ4w==}
    peerDependencies:
      '@deepseek-ai/cordis': ^4.0.2
      '@deepseek-ai/dsh-session': ^0.1.6-alpha.1

  '@deepseek-ai/dsh-session@0.1.6-alpha.1':
    resolution: {integrity: sha512-IUdpUwIZaQIXNrgaYr0JAwAhUuhmjzzIgrg8Q8bSQM6fO+nYHIERF/MQZHnnon7wkibtyak+Nj8RKF82boQWIA==}
    peerDependencies:
      '@deepseek-ai/cordis': ^4.0.2
      '@deepseek-ai/dsh-scope': ^0.1.6-alpha.1

  '@deepseek-ai/dsh-system-prompt@0.1.6-alpha.1':
    resolution: {integrity: sha512-Lc+udg/vuacydI9CnOC9syc762nkIm/SarqdcJf4YAXT257u4BMYD05JNS+B06VhXT3vfwOTaXyyt0TJ9Qi7zA==}
    peerDependencies:
      '@deepseek-ai/cordis': ^4.0.2
      '@deepseek-ai/dsh-invariants': ^0.1.6-alpha.1
      '@deepseek-ai/dsh-llm': ^0.1.6-alpha.1
      '@deepseek-ai/dsh-scope': ^0.1.6-alpha.1

  '@deepseek-ai/dsh-timeout@0.1.6-alpha.1':
    resolution: {integrity: sha512-RuDwOyXm68OsIqj/DVx1zXQLIArrubrkYRbpOxbBmNQQ5WCEVxGDvAXQPUd2ULw4RJo0tIBx0nqQ85kkKRrQew==}
    peerDependencies:
      '@deepseek-ai/cordis': ^4.0.2

  '@deepseek-ai/dsh-tools@0.1.6-alpha.1':
    resolution: {integrity: sha512-kMVU8nZvM9jaam60FH9px2m/vcvXCcuSdZNf3fhZ1N/5mjbdhXLm5CGaNV8QaDlrYjpV8L/wop8TO3LaDuufqA==}
    peerDependencies:
      '@deepseek-ai/cordis': ^4.0.2
      '@deepseek-ai/dsh-agent': ^0.1.6-alpha.1
      '@deepseek-ai/dsh-invariants': ^0.1.6-alpha.1
      '@deepseek-ai/dsh-llm': ^0.1.6-alpha.1
      '@deepseek-ai/dsh-ptc-runtime': ^0.1.6-alpha.1
      '@deepseek-ai/dsh-sandbox': ^0.1.6-alpha.1
      '@deepseek-ai/dsh-sandbox-policy': ^0.1.6-alpha.1
      '@deepseek-ai/dsh-scope': ^0.1.6-alpha.1
      '@deepseek-ai/dsh-session': ^0.1.6-alpha.1
      '@deepseek-ai/dsh-system-prompt': ^0.1.6-alpha.1
      '@deepseek-ai/dsh-user-approval': ^0.1.6-alpha.1

  '@deepseek-ai/dsh-typert-protocol@0.1.6-alpha.1':
    resolution: {integrity: sha512-szYjrNvmlLMcR+3dDTAP+2sTqVy0MvRWkJeA1Y5CzT//HiimNDB7+q6WZX1jZ3m2ZyIfHQqfsnUVZ+PXIYHCyw==}
    peerDependencies:
      '@deepseek-ai/cordis': ^4.0.2

  '@deepseek-ai/dsh-user-approval@0.1.6-alpha.1':
    resolution: {integrity: sha512-0jpco20Iq8x4kDSCxXZEF2LwthCIxkzt9ewJfTF1qrGUDDOKb6smPHnR6EnLjL4oBzieT57MGIyADaCL3wjzOQ==}
    peerDependencies:
      '@deepseek-ai/cordis': ^4.0.2
      '@deepseek-ai/dsh-agent': ^0.1.6-alpha.1
      '@deepseek-ai/dsh-brand': ^0.1.6-alpha.1
      '@deepseek-ai/dsh-invariants': ^0.1.6-alpha.1
      '@deepseek-ai/dsh-llm': ^0.1.6-alpha.1
      '@deepseek-ai/dsh-scope': ^0.1.6-alpha.1
      '@deepseek-ai/dsh-session': ^0.1.6-alpha.1
      '@deepseek-ai/dsh-system-prompt': ^0.1.6-alpha.1

  '@deepseek-ai/dsh-util-crypto@0.1.6-alpha.1':
    resolution: {integrity: sha512-sNr5pLIajPOT9cOn61QfEsWYCBme47DFRajL3OTiOxrd7L4Ch+HgPUunUolofFNjq37gXave6/2+dcsv3L3BnA==}
    peerDependencies:
      '@deepseek-ai/cordis': ^4.0.2

  '@deepseek-ai/dsh-util-values@0.1.6-alpha.1':
    resolution: {integrity: sha512-YtF7+XmWKY7E48ozmPEXTJT+Wn8HN4MPytY+MRoySsPRAJJp09/68oo/dKcOND+ZEWUZiJN8KJUrBcTB3VSm2Q==}
    peerDependencies:
      '@deepseek-ai/cordis': ^4.0.2

  '@deepseek-ai/schemastery@3.18.2':
    resolution: {integrity: sha512-njDtZsznjYxok7KLLlHOPyuv2efdWVbSflAHgztSfbMsg+CVraEoRe2DjOCgClYv3ZCSm7WXoaUkbB/+RY7tWQ==}

  '@koromix/koffi-android-arm64@3.2.1':
    resolution: {integrity: sha512-1pJQ4jnZlUJduK9u9DC5CGy3aOgDUPvIXpNb6syV3+Dh5Q/ugezAIGCqvY+w+1mgXsve0pd0NVvJRjdZNHQ6MA==}
    cpu: [arm64]
    os: [android]

  '@koromix/koffi-android-x64@3.2.1':
    resolution: {integrity: sha512-HH40xGh3gVQifjOBnhwT2tECC0lL1lYe+nxHvWNSzxDIyQNcVPXg38ta7vuONRFpD+uIrw7fqGYLzbZIagkVcg==}
    cpu: [x64]
    os: [android]

  '@koromix/koffi-darwin-arm64@3.2.1':
    resolution: {integrity: sha512-Vj4h+xcjc5+Cn0DhPHjgRX4omKAv96Kehtcd+1YgYuY2W7FvQn9vS+3SmzVwhC5Qmg9bIwUZObYQ8T/4hBqQqA==}
    cpu: [arm64]
    os: [darwin]

  '@koromix/koffi-darwin-x64@3.2.1':
    resolution: {integrity: sha512-gFCWxNBTZIvxo1p+PURWfsy2Ctj5FGnVVs1f03lTLhBvmxEto70pdIiFztdFLDFkAJ1pmtQmruRKapeK+E8YPA==}
    cpu: [x64]
    os: [darwin]

  '@koromix/koffi-freebsd-arm64@3.2.1':
    resolution: {integrity: sha512-qj+f1s2e6vULaUG1cdlTcCXmunCq2t+rjxku1+esaMIqVnHpOwj0QzPuInG0AFdXjwBNQhyVR/HpDj8daEwwsQ==}
    cpu: [arm64]
    os: [freebsd]

  '@koromix/koffi-freebsd-ia32@3.2.1':
    resolution: {integrity: sha512-6olHb1Qfgai0jjs6ddlDDD0ZfsCxy7SPi8rMRpuYQWH0qhgtyQu82hw5b1p7z+TJ0zZP3ZeQQ6l+U/MlM1ICHQ==}
    cpu: [ia32]
    os: [freebsd]

  '@koromix/koffi-freebsd-x64@3.2.1':
    resolution: {integrity: sha512-Dikhw1ySYNVMkmeFvFVjnU5Wdk6mffNoOjJxm9bTG96vg7OlemylxqdEven47R1YJ3yzNVJn/MlQ207ORWfi2w==}
    cpu: [x64]
    os: [freebsd]

  '@koromix/koffi-linux-arm64@3.2.1':
    resolution: {integrity: sha512-K+cGUL5iBcDqxmsocrjmlASqDf24gc7artbVW3PewG2c9AqwC63lezgwvB85Nx4lZAQjB6zIFHh9A7t1yGbwhw==}
    cpu: [arm64]
    os: [linux]

  '@koromix/koffi-linux-arm@3.2.1':
    resolution: {integrity: sha512-OfwUwZylidq95wQKp6ClInULrfB2giu7dqM6Rhe0zAe6lES5I2SXNw15T9+GnRHk3/9hKT2XZ37OZLaKSyWNLA==}
    cpu: [arm]
    os: [linux]

  '@koromix/koffi-linux-ia32@3.2.1':
    resolution: {integrity: sha512-rxj6UYjU1qd98gxNQOSCdLpc5cPRi5Giq9rNd3jnGuSNIyMkwa6Dxw4cUjmhIBCYESMJtmNt5NWnJp5u9wTfYQ==}
    cpu: [ia32]
    os: [linux]

  '@koromix/koffi-linux-loong64@3.2.1':
    resolution: {integrity: sha512-aHhnHzkPRmT/IHDlGvESJ/Bs32m8N6UE6Ab6kMeJzgk74IN8af2m/81/wZJtybR1M2UxCV4NmlVNUYQQvSAO3Q==}
    cpu: [loong64]
    os: [linux]

  '@koromix/koffi-linux-riscv64@3.2.1':
    resolution: {integrity: sha512-qtQBsjbm3LiirLJvajWmKkNb7ARk7fvJVXdftJ7NtAnF3Xw8EbDvrtvmvtNI1yLPlYcBmlzCCD71hwhWYk0SIA==}
    cpu: [riscv64]
    os: [linux]

  '@koromix/koffi-linux-x64@3.2.1':
    resolution: {integrity: sha512-c7hw7Qs/r5gnFRTQLcbifBwRU7wiocj+2pVuDQ5Ahb3r36SZmupmgYbTWcLvTW+hul1jd7SKRV0d14ZJq/tvSw==}
    cpu: [x64]
    os: [linux]

  '@koromix/koffi-openbsd-ia32@3.2.1':
    resolution: {integrity: sha512-mmY8fY8LQ/CB52+h3yrMYmVyoxzW3x08S0yI6VNfHWdfU6yJtZkKCbhjmQCYMrWbYKC4gMvwZwCywIGPAkLyeA==}
    cpu: [ia32]
    os: [openbsd]

  '@koromix/koffi-openbsd-x64@3.2.1':
    resolution: {integrity: sha512-k4ig6aAPbFSRATOIIOfdf/KtlOGH4SVls6L9fy0QnTxRJYvY2oSltTsQtBDANgEQldlq8Kl5WnpRa1VSibP4Lw==}
    cpu: [x64]
    os: [openbsd]

  '@koromix/koffi-win32-arm64@3.2.1':
    resolution: {integrity: sha512-cTWBJGK//pDMeKQJE/79Aq9MiOAF4H8QyLZHSQ9IWm8czOfwjG4J1AhsQ9DjI9KFOykH77hhnpmQTGVMIubGig==}
    cpu: [arm64]
    os: [win32]

  '@koromix/koffi-win32-ia32@3.2.1':
    resolution: {integrity: sha512-Z50EM6TAZ7CFyMmyX6thv8eNpJchqe9eenhibSIy2Eq/FQYF76gU2VK/LEoaF46L8hfC7TpTp9b10MvReHEyFA==}
    cpu: [ia32]
    os: [win32]

  '@koromix/koffi-win32-x64@3.2.1':
    resolution: {integrity: sha512-ZmZNiBO6bkOSh3QNzgfvb1cMY0yMobn6ZQrSMqbAce21qyYL8niIbyipz9N/PIRDciGhsV0wUxnZsxIO+yWsHQ==}
    cpu: [x64]
    os: [win32]

  '@standard-schema/spec@1.1.0':
    resolution: {integrity: sha512-l2aFy5jALhniG5HgqrD6jXLi/rUWrKvqN/qJx6yoJsgKhblVd+iqqU4RCXavm/jPityDo5TCvKMnpjKnOriy0w==}

  '@trycua/cua-driver-darwin-arm64@0.28.1':
    resolution: {integrity: sha512-VTh47RcRL/arJpjA7VXOarLuUXpHM+YHQRV9ZCkFCdLj2RyF7TeCKMP64rjRNvgZdeTR6zpbqyiNFJfrX3Q6nw==}
    cpu: [arm64]
    os: [darwin]

  '@trycua/cua-driver-darwin-x64@0.28.1':
    resolution: {integrity: sha512-+wOj2722VsGllM4lzb9+8UXOPxOaPteRBLiO/0evPp6oMdBgcFiSvzTkl1NTDU+W4v5TK7wXJTZrIhAq1+HwEw==}
    cpu: [x64]
    os: [darwin]

  '@trycua/cua-driver-linux-arm64-gnu@0.28.1':
    resolution: {integrity: sha512-2Bsydtz7MDRACcwVDpKbiGCQjND+LLHabdwN4k8BUs0u03Rj/cRmWVi8FFAafZ69kN6AQFZeLstOH67OAjgvUg==}
    cpu: [arm64]
    os: [linux]
    libc: [glibc]

  '@trycua/cua-driver-linux-x64-gnu@0.28.1':
    resolution: {integrity: sha512-HbTnlSNtMmAzY8/4i+G0ir7gYpJXeyPxhqqmqN6C5ot+FiBvbrLzRIimjy8Dk5QBjep2ANrbfnqb+WsztXU/VQ==}
    cpu: [x64]
    os: [linux]
    libc: [glibc]

  '@trycua/cua-driver-win32-arm64-msvc@0.28.1':
    resolution: {integrity: sha512-tW5adqnFNfHi6Qsh0bHxuacvgcgHGxeX/xsGbUInVEA9g9OuAXsyaMqH/xGKBpFdf1FzIUCdICHaygiahveKTQ==}
    cpu: [arm64]
    os: [win32]

  '@trycua/cua-driver-win32-x64-msvc@0.28.1':
    resolution: {integrity: sha512-n//7UYF8nL0D2rbevfsjQWbthHx03yyVIZa8XJMb7EAv7fTqU0mzCum1cEdt6ISoPWbeVzqGSSJdbO4G1Co6Lg==}
    cpu: [x64]
    os: [win32]

  '@trycua/cua-driver@0.28.1':
    resolution: {integrity: sha512-SrcOyf++1gw6IPaQm5OILQgJy0A+pZ3i4JheP9b3Wq4U2sRtnDzL//Ba8dY68bCargELT9PdFLYB7fPSqLE/BQ==}

  '@ubjs/core@0.31.0-3':
    resolution: {integrity: sha512-39XrJgUZ2VVb561sSnkXPhczNoeBsNiSRArecsV0JE7CJq69ajFkcn9/tBAUS2NpgHkLIDU+z6Ks2+1wXnboxg==}

  '@ubjs/node-darwin-arm64@0.31.0-3':
    resolution: {integrity: sha512-GGQVPLkVo4Gc8qVLW4IGvS8bjl8eHXyeP4a97ntGmsAdXwE5gsS29o8xUEFROjhwHKD+9sgVeblCSWVG3CpHsw==}
    cpu: [arm64]
    os: [darwin]

  '@ubjs/node-darwin-x64@0.31.0-3':
    resolution: {integrity: sha512-2sc47u4XFYOsbmP5EW+Gx8m/yGrYnfFDFQm6+kz7goSWTNg84eEiz3COs9HKJDVuNJ5Khv5XipTO8CFadMLXCw==}
    cpu: [x64]
    os: [darwin]

  '@ubjs/node-linux-arm64-gnu@0.31.0-3':
    resolution: {integrity: sha512-YStVXhYz/5jvlWf/p4fhiVT72unYAbGugifFC9QmO/+hnroQDAQ5t8SARbsc15G4olMcamdIB+GETiUB7gmaYg==}
    cpu: [arm64]
    os: [linux]
    libc: [glibc]

  '@ubjs/node-linux-arm64-musl@0.31.0-3':
    resolution: {integrity: sha512-Izp4nvfy/LmibzFowAztkoDOksCR2fb2zl6fh1ojR1HEsg0rAGruxtI8d3fn8DI0lBXwqmn6SF///oD4mFNJPQ==}
    cpu: [arm64]
    os: [linux]
    libc: [musl]

  '@ubjs/node-linux-x64-gnu@0.31.0-3':
    resolution: {integrity: sha512-Xdm21blyg5U/kW6s7OMvgrr8coGTkUlt26DVR9x8gKISif+E3YwdEskbFScWqystAiJnfjw7xHEc8UMu0Qlz7Q==}
    cpu: [x64]
    os: [linux]
    libc: [glibc]

  '@ubjs/node-linux-x64-musl@0.31.0-3':
    resolution: {integrity: sha512-fFQ9BWS6i2LUH9SJgD9oEiKXXo/say59vHy7usFe1t7C2xvwvP34f5SuxXmWP9R8fHyA0aC4kIZ+TTwyHSv1Kw==}
    cpu: [x64]
    os: [linux]
    libc: [musl]

  '@ubjs/node-win32-arm64-msvc@0.31.0-3':
    resolution: {integrity: sha512-ID6rSz1NmPsWTNBBNAw4OnJ5Dj8pcbtNJtdPB3OxcGigLBd/e0x7buhSI7os6Mo5iYtEdCynBRQHFJwub5XSPg==}
    cpu: [arm64]
    os: [win32]

  '@ubjs/node-win32-x64-msvc@0.31.0-3':
    resolution: {integrity: sha512-wevs+Y+szwcCUT8IJFbB4/1nfxyRv/51l8oG7FGUPWD1xLPyuHfJBG27C+PDeC7KRzes/2n6aLo4DGZbr/LYTw==}
    cpu: [x64]
    os: [win32]

  '@ubjs/node@0.31.0-3':
    resolution: {integrity: sha512-qNMpi2LICNwxGXZyRF8fSDBSpbezyZbEsydrbiMPJOmtOWr4tmZIEl7jkWGHVGShoBvHfFo4eHp5B4UVP928Cg==}

  koffi@3.2.1:
    resolution: {integrity: sha512-0qE3lZ8jllRqPN4Ob6Ajl7c2bJSJDhQWuKLGP5hIEpHLllJWv1ydHFMhHmHc5p/W9GticKVDbYzZd7TBoQ4CZg==}

  zod@4.6.5:
    resolution: {integrity: sha512-v5l/aFXZQeai4awLbOpSoHecE9UiMrnfx75tEXLjNonXVARxQ5mOeipTjROUchszUNCqnE+hqAMujRsRHsut2Q==}

snapshots:

  '@deepseek-ai/cordis@4.0.2':
    dependencies:
      '@deepseek-ai/cosmokit': 1.8.3
      '@standard-schema/spec': 1.1.0

  '@deepseek-ai/cosmokit@1.8.3': {}

  '@deepseek-ai/dsh-agent@0.1.6-alpha.1(ce40d13c69e7e1ce48818baba37665e1)':
    dependencies:
      '@deepseek-ai/cordis': 4.0.2
      '@deepseek-ai/dsh-invariants': 0.1.6-alpha.1(@deepseek-ai/cordis@4.0.2)
      '@deepseek-ai/dsh-llm': 0.1.6-alpha.1(@deepseek-ai/cordis@4.0.2)
      '@deepseek-ai/dsh-scope': 0.1.6-alpha.1(@deepseek-ai/cordis@4.0.2)(@deepseek-ai/dsh-invariants@0.1.6-alpha.1(@deepseek-ai/cordis@4.0.2))
      '@deepseek-ai/dsh-session': 0.1.6-alpha.1(@deepseek-ai/cordis@4.0.2)(@deepseek-ai/dsh-scope@0.1.6-alpha.1(@deepseek-ai/cordis@4.0.2)(@deepseek-ai/dsh-invariants@0.1.6-alpha.1(@deepseek-ai/cordis@4.0.2)))
      '@deepseek-ai/dsh-session-projection': 0.1.6-alpha.1(@deepseek-ai/cordis@4.0.2)(@deepseek-ai/dsh-session@0.1.6-alpha.1(@deepseek-ai/cordis@4.0.2)(@deepseek-ai/dsh-scope@0.1.6-alpha.1(@deepseek-ai/cordis@4.0.2)(@deepseek-ai/dsh-invariants@0.1.6-alpha.1(@deepseek-ai/cordis@4.0.2))))
      '@deepseek-ai/dsh-system-prompt': 0.1.6-alpha.1(@deepseek-ai/cordis@4.0.2)(@deepseek-ai/dsh-invariants@0.1.6-alpha.1(@deepseek-ai/cordis@4.0.2))(@deepseek-ai/dsh-llm@0.1.6-alpha.1(@deepseek-ai/cordis@4.0.2))(@deepseek-ai/dsh-scope@0.1.6-alpha.1(@deepseek-ai/cordis@4.0.2)(@deepseek-ai/dsh-invariants@0.1.6-alpha.1(@deepseek-ai/cordis@4.0.2)))
      '@deepseek-ai/dsh-typert-protocol': 0.1.6-alpha.1(@deepseek-ai/cordis@4.0.2)
      '@deepseek-ai/dsh-util-values': 0.1.6-alpha.1(@deepseek-ai/cordis@4.0.2)

  '@deepseek-ai/dsh-brand@0.1.6-alpha.1(@deepseek-ai/cordis@4.0.2)':
    dependencies:
      '@deepseek-ai/cordis': 4.0.2

  '@deepseek-ai/dsh-invariants@0.1.6-alpha.1(@deepseek-ai/cordis@4.0.2)':
    dependencies:
      '@deepseek-ai/cordis': 4.0.2
      '@deepseek-ai/schemastery': 3.18.2

  '@deepseek-ai/dsh-llm@0.1.6-alpha.1(@deepseek-ai/cordis@4.0.2)':
    dependencies:
      '@deepseek-ai/cordis': 4.0.2
      '@deepseek-ai/dsh-brand': 0.1.6-alpha.1(@deepseek-ai/cordis@4.0.2)
      '@deepseek-ai/dsh-timeout': 0.1.6-alpha.1(@deepseek-ai/cordis@4.0.2)
      '@deepseek-ai/dsh-typert-protocol': 0.1.6-alpha.1(@deepseek-ai/cordis@4.0.2)
      '@deepseek-ai/dsh-util-crypto': 0.1.6-alpha.1(@deepseek-ai/cordis@4.0.2)
      '@deepseek-ai/dsh-util-values': 0.1.6-alpha.1(@deepseek-ai/cordis@4.0.2)
      '@deepseek-ai/schemastery': 3.18.2
      zod: 4.6.5

  '@deepseek-ai/dsh-ptc-runtime@0.1.6-alpha.1(@deepseek-ai/cordis@4.0.2)(@deepseek-ai/dsh-sandbox@0.1.6-alpha.1(@deepseek-ai/cordis@4.0.2)(@deepseek-ai/dsh-llm@0.1.6-alpha.1(@deepseek-ai/cordis@4.0.2))(@deepseek-ai/dsh-session@0.1.6-alpha.1(@deepseek-ai/cordis@4.0.2)(@deepseek-ai/dsh-scope@0.1.6-alpha.1(@deepseek-ai/cordis@4.0.2)(@deepseek-ai/dsh-invariants@0.1.6-alpha.1(@deepseek-ai/cordis@4.0.2)))))':
    dependencies:
      '@deepseek-ai/cordis': 4.0.2
      '@deepseek-ai/dsh-sandbox': 0.1.6-alpha.1(@deepseek-ai/cordis@4.0.2)(@deepseek-ai/dsh-llm@0.1.6-alpha.1(@deepseek-ai/cordis@4.0.2))(@deepseek-ai/dsh-session@0.1.6-alpha.1(@deepseek-ai/cordis@4.0.2)(@deepseek-ai/dsh-scope@0.1.6-alpha.1(@deepseek-ai/cordis@4.0.2)(@deepseek-ai/dsh-invariants@0.1.6-alpha.1(@deepseek-ai/cordis@4.0.2))))

  '@deepseek-ai/dsh-sandbox-policy@0.1.6-alpha.1(18854d5e0c8968435b6ad36855f89530)':
    dependencies:
      '@deepseek-ai/cordis': 4.0.2
      '@deepseek-ai/dsh-agent': 0.1.6-alpha.1(ce40d13c69e7e1ce48818baba37665e1)
      '@deepseek-ai/dsh-invariants': 0.1.6-alpha.1(@deepseek-ai/cordis@4.0.2)
      '@deepseek-ai/dsh-sandbox': 0.1.6-alpha.1(@deepseek-ai/cordis@4.0.2)(@deepseek-ai/dsh-llm@0.1.6-alpha.1(@deepseek-ai/cordis@4.0.2))(@deepseek-ai/dsh-session@0.1.6-alpha.1(@deepseek-ai/cordis@4.0.2)(@deepseek-ai/dsh-scope@0.1.6-alpha.1(@deepseek-ai/cordis@4.0.2)(@deepseek-ai/dsh-invariants@0.1.6-alpha.1(@deepseek-ai/cordis@4.0.2))))
      '@deepseek-ai/dsh-session': 0.1.6-alpha.1(@deepseek-ai/cordis@4.0.2)(@deepseek-ai/dsh-scope@0.1.6-alpha.1(@deepseek-ai/cordis@4.0.2)(@deepseek-ai/dsh-invariants@0.1.6-alpha.1(@deepseek-ai/cordis@4.0.2)))
      '@deepseek-ai/dsh-session-projection': 0.1.6-alpha.1(@deepseek-ai/cordis@4.0.2)(@deepseek-ai/dsh-session@0.1.6-alpha.1(@deepseek-ai/cordis@4.0.2)(@deepseek-ai/dsh-scope@0.1.6-alpha.1(@deepseek-ai/cordis@4.0.2)(@deepseek-ai/dsh-invariants@0.1.6-alpha.1(@deepseek-ai/cordis@4.0.2))))
      '@deepseek-ai/dsh-system-prompt': 0.1.6-alpha.1(@deepseek-ai/cordis@4.0.2)(@deepseek-ai/dsh-invariants@0.1.6-alpha.1(@deepseek-ai/cordis@4.0.2))(@deepseek-ai/dsh-llm@0.1.6-alpha.1(@deepseek-ai/cordis@4.0.2))(@deepseek-ai/dsh-scope@0.1.6-alpha.1(@deepseek-ai/cordis@4.0.2)(@deepseek-ai/dsh-invariants@0.1.6-alpha.1(@deepseek-ai/cordis@4.0.2)))
      '@deepseek-ai/schemastery': 3.18.2
      zod: 4.6.5

  '@deepseek-ai/dsh-sandbox@0.1.6-alpha.1(@deepseek-ai/cordis@4.0.2)(@deepseek-ai/dsh-llm@0.1.6-alpha.1(@deepseek-ai/cordis@4.0.2))(@deepseek-ai/dsh-session@0.1.6-alpha.1(@deepseek-ai/cordis@4.0.2)(@deepseek-ai/dsh-scope@0.1.6-alpha.1(@deepseek-ai/cordis@4.0.2)(@deepseek-ai/dsh-invariants@0.1.6-alpha.1(@deepseek-ai/cordis@4.0.2))))':
    dependencies:
      '@deepseek-ai/cordis': 4.0.2
      '@deepseek-ai/dsh-llm': 0.1.6-alpha.1(@deepseek-ai/cordis@4.0.2)
      '@deepseek-ai/dsh-session': 0.1.6-alpha.1(@deepseek-ai/cordis@4.0.2)(@deepseek-ai/dsh-scope@0.1.6-alpha.1(@deepseek-ai/cordis@4.0.2)(@deepseek-ai/dsh-invariants@0.1.6-alpha.1(@deepseek-ai/cordis@4.0.2)))
      '@deepseek-ai/dsh-util-values': 0.1.6-alpha.1(@deepseek-ai/cordis@4.0.2)

  '@deepseek-ai/dsh-scope@0.1.6-alpha.1(@deepseek-ai/cordis@4.0.2)(@deepseek-ai/dsh-invariants@0.1.6-alpha.1(@deepseek-ai/cordis@4.0.2))':
    dependencies:
      '@deepseek-ai/cordis': 4.0.2
      '@deepseek-ai/dsh-invariants': 0.1.6-alpha.1(@deepseek-ai/cordis@4.0.2)

  '@deepseek-ai/dsh-session-projection@0.1.6-alpha.1(@deepseek-ai/cordis@4.0.2)(@deepseek-ai/dsh-session@0.1.6-alpha.1(@deepseek-ai/cordis@4.0.2)(@deepseek-ai/dsh-scope@0.1.6-alpha.1(@deepseek-ai/cordis@4.0.2)(@deepseek-ai/dsh-invariants@0.1.6-alpha.1(@deepseek-ai/cordis@4.0.2))))':
    dependencies:
      '@deepseek-ai/cordis': 4.0.2
      '@deepseek-ai/dsh-session': 0.1.6-alpha.1(@deepseek-ai/cordis@4.0.2)(@deepseek-ai/dsh-scope@0.1.6-alpha.1(@deepseek-ai/cordis@4.0.2)(@deepseek-ai/dsh-invariants@0.1.6-alpha.1(@deepseek-ai/cordis@4.0.2)))
      zod: 4.6.5

  '@deepseek-ai/dsh-session@0.1.6-alpha.1(@deepseek-ai/cordis@4.0.2)(@deepseek-ai/dsh-scope@0.1.6-alpha.1(@deepseek-ai/cordis@4.0.2)(@deepseek-ai/dsh-invariants@0.1.6-alpha.1(@deepseek-ai/cordis@4.0.2)))':
    dependencies:
      '@deepseek-ai/cordis': 4.0.2
      '@deepseek-ai/dsh-brand': 0.1.6-alpha.1(@deepseek-ai/cordis@4.0.2)
      '@deepseek-ai/dsh-llm': 0.1.6-alpha.1(@deepseek-ai/cordis@4.0.2)
      '@deepseek-ai/dsh-scope': 0.1.6-alpha.1(@deepseek-ai/cordis@4.0.2)(@deepseek-ai/dsh-invariants@0.1.6-alpha.1(@deepseek-ai/cordis@4.0.2))
      '@deepseek-ai/dsh-util-values': 0.1.6-alpha.1(@deepseek-ai/cordis@4.0.2)

  '@deepseek-ai/dsh-system-prompt@0.1.6-alpha.1(@deepseek-ai/cordis@4.0.2)(@deepseek-ai/dsh-invariants@0.1.6-alpha.1(@deepseek-ai/cordis@4.0.2))(@deepseek-ai/dsh-llm@0.1.6-alpha.1(@deepseek-ai/cordis@4.0.2))(@deepseek-ai/dsh-scope@0.1.6-alpha.1(@deepseek-ai/cordis@4.0.2)(@deepseek-ai/dsh-invariants@0.1.6-alpha.1(@deepseek-ai/cordis@4.0.2)))':
    dependencies:
      '@deepseek-ai/cordis': 4.0.2
      '@deepseek-ai/dsh-invariants': 0.1.6-alpha.1(@deepseek-ai/cordis@4.0.2)
      '@deepseek-ai/dsh-llm': 0.1.6-alpha.1(@deepseek-ai/cordis@4.0.2)
      '@deepseek-ai/dsh-scope': 0.1.6-alpha.1(@deepseek-ai/cordis@4.0.2)(@deepseek-ai/dsh-invariants@0.1.6-alpha.1(@deepseek-ai/cordis@4.0.2))
      '@deepseek-ai/schemastery': 3.18.2

  '@deepseek-ai/dsh-timeout@0.1.6-alpha.1(@deepseek-ai/cordis@4.0.2)':
    dependencies:
      '@deepseek-ai/cordis': 4.0.2

  '@deepseek-ai/dsh-tools@0.1.6-alpha.1(e89197212305e1b19bd6df05221bc44b)':
    dependencies:
      '@deepseek-ai/cordis': 4.0.2
      '@deepseek-ai/dsh-agent': 0.1.6-alpha.1(ce40d13c69e7e1ce48818baba37665e1)
      '@deepseek-ai/dsh-brand': 0.1.6-alpha.1(@deepseek-ai/cordis@4.0.2)
      '@deepseek-ai/dsh-invariants': 0.1.6-alpha.1(@deepseek-ai/cordis@4.0.2)
      '@deepseek-ai/dsh-llm': 0.1.6-alpha.1(@deepseek-ai/cordis@4.0.2)
      '@deepseek-ai/dsh-ptc-runtime': 0.1.6-alpha.1(@deepseek-ai/cordis@4.0.2)(@deepseek-ai/dsh-sandbox@0.1.6-alpha.1(@deepseek-ai/cordis@4.0.2)(@deepseek-ai/dsh-llm@0.1.6-alpha.1(@deepseek-ai/cordis@4.0.2))(@deepseek-ai/dsh-session@0.1.6-alpha.1(@deepseek-ai/cordis@4.0.2)(@deepseek-ai/dsh-scope@0.1.6-alpha.1(@deepseek-ai/cordis@4.0.2)(@deepseek-ai/dsh-invariants@0.1.6-alpha.1(@deepseek-ai/cordis@4.0.2)))))
      '@deepseek-ai/dsh-sandbox': 0.1.6-alpha.1(@deepseek-ai/cordis@4.0.2)(@deepseek-ai/dsh-llm@0.1.6-alpha.1(@deepseek-ai/cordis@4.0.2))(@deepseek-ai/dsh-session@0.1.6-alpha.1(@deepseek-ai/cordis@4.0.2)(@deepseek-ai/dsh-scope@0.1.6-alpha.1(@deepseek-ai/cordis@4.0.2)(@deepseek-ai/dsh-invariants@0.1.6-alpha.1(@deepseek-ai/cordis@4.0.2))))
      '@deepseek-ai/dsh-sandbox-policy': 0.1.6-alpha.1(18854d5e0c8968435b6ad36855f89530)
      '@deepseek-ai/dsh-scope': 0.1.6-alpha.1(@deepseek-ai/cordis@4.0.2)(@deepseek-ai/dsh-invariants@0.1.6-alpha.1(@deepseek-ai/cordis@4.0.2))
      '@deepseek-ai/dsh-session': 0.1.6-alpha.1(@deepseek-ai/cordis@4.0.2)(@deepseek-ai/dsh-scope@0.1.6-alpha.1(@deepseek-ai/cordis@4.0.2)(@deepseek-ai/dsh-invariants@0.1.6-alpha.1(@deepseek-ai/cordis@4.0.2)))
      '@deepseek-ai/dsh-system-prompt': 0.1.6-alpha.1(@deepseek-ai/cordis@4.0.2)(@deepseek-ai/dsh-invariants@0.1.6-alpha.1(@deepseek-ai/cordis@4.0.2))(@deepseek-ai/dsh-llm@0.1.6-alpha.1(@deepseek-ai/cordis@4.0.2))(@deepseek-ai/dsh-scope@0.1.6-alpha.1(@deepseek-ai/cordis@4.0.2)(@deepseek-ai/dsh-invariants@0.1.6-alpha.1(@deepseek-ai/cordis@4.0.2)))
      '@deepseek-ai/dsh-user-approval': 0.1.6-alpha.1(@deepseek-ai/cordis@4.0.2)(@deepseek-ai/dsh-agent@0.1.6-alpha.1(ce40d13c69e7e1ce48818baba37665e1))(@deepseek-ai/dsh-brand@0.1.6-alpha.1(@deepseek-ai/cordis@4.0.2))(@deepseek-ai/dsh-invariants@0.1.6-alpha.1(@deepseek-ai/cordis@4.0.2))(@deepseek-ai/dsh-llm@0.1.6-alpha.1(@deepseek-ai/cordis@4.0.2))(@deepseek-ai/dsh-scope@0.1.6-alpha.1(@deepseek-ai/cordis@4.0.2)(@deepseek-ai/dsh-invariants@0.1.6-alpha.1(@deepseek-ai/cordis@4.0.2)))(@deepseek-ai/dsh-session@0.1.6-alpha.1(@deepseek-ai/cordis@4.0.2)(@deepseek-ai/dsh-scope@0.1.6-alpha.1(@deepseek-ai/cordis@4.0.2)(@deepseek-ai/dsh-invariants@0.1.6-alpha.1(@deepseek-ai/cordis@4.0.2))))(@deepseek-ai/dsh-system-prompt@0.1.6-alpha.1(@deepseek-ai/cordis@4.0.2)(@deepseek-ai/dsh-invariants@0.1.6-alpha.1(@deepseek-ai/cordis@4.0.2))(@deepseek-ai/dsh-llm@0.1.6-alpha.1(@deepseek-ai/cordis@4.0.2))(@deepseek-ai/dsh-scope@0.1.6-alpha.1(@deepseek-ai/cordis@4.0.2)(@deepseek-ai/dsh-invariants@0.1.6-alpha.1(@deepseek-ai/cordis@4.0.2))))
      '@deepseek-ai/dsh-util-values': 0.1.6-alpha.1(@deepseek-ai/cordis@4.0.2)
      '@deepseek-ai/schemastery': 3.18.2

  '@deepseek-ai/dsh-typert-protocol@0.1.6-alpha.1(@deepseek-ai/cordis@4.0.2)':
    dependencies:
      '@deepseek-ai/cordis': 4.0.2

  '@deepseek-ai/dsh-user-approval@0.1.6-alpha.1(@deepseek-ai/cordis@4.0.2)(@deepseek-ai/dsh-agent@0.1.6-alpha.1(ce40d13c69e7e1ce48818baba37665e1))(@deepseek-ai/dsh-brand@0.1.6-alpha.1(@deepseek-ai/cordis@4.0.2))(@deepseek-ai/dsh-invariants@0.1.6-alpha.1(@deepseek-ai/cordis@4.0.2))(@deepseek-ai/dsh-llm@0.1.6-alpha.1(@deepseek-ai/cordis@4.0.2))(@deepseek-ai/dsh-scope@0.1.6-alpha.1(@deepseek-ai/cordis@4.0.2)(@deepseek-ai/dsh-invariants@0.1.6-alpha.1(@deepseek-ai/cordis@4.0.2)))(@deepseek-ai/dsh-session@0.1.6-alpha.1(@deepseek-ai/cordis@4.0.2)(@deepseek-ai/dsh-scope@0.1.6-alpha.1(@deepseek-ai/cordis@4.0.2)(@deepseek-ai/dsh-invariants@0.1.6-alpha.1(@deepseek-ai/cordis@4.0.2))))(@deepseek-ai/dsh-system-prompt@0.1.6-alpha.1(@deepseek-ai/cordis@4.0.2)(@deepseek-ai/dsh-invariants@0.1.6-alpha.1(@deepseek-ai/cordis@4.0.2))(@deepseek-ai/dsh-llm@0.1.6-alpha.1(@deepseek-ai/cordis@4.0.2))(@deepseek-ai/dsh-scope@0.1.6-alpha.1(@deepseek-ai/cordis@4.0.2)(@deepseek-ai/dsh-invariants@0.1.6-alpha.1(@deepseek-ai/cordis@4.0.2))))':
    dependencies:
      '@deepseek-ai/cordis': 4.0.2
      '@deepseek-ai/dsh-agent': 0.1.6-alpha.1(ce40d13c69e7e1ce48818baba37665e1)
      '@deepseek-ai/dsh-brand': 0.1.6-alpha.1(@deepseek-ai/cordis@4.0.2)
      '@deepseek-ai/dsh-invariants': 0.1.6-alpha.1(@deepseek-ai/cordis@4.0.2)
      '@deepseek-ai/dsh-llm': 0.1.6-alpha.1(@deepseek-ai/cordis@4.0.2)
      '@deepseek-ai/dsh-scope': 0.1.6-alpha.1(@deepseek-ai/cordis@4.0.2)(@deepseek-ai/dsh-invariants@0.1.6-alpha.1(@deepseek-ai/cordis@4.0.2))
      '@deepseek-ai/dsh-session': 0.1.6-alpha.1(@deepseek-ai/cordis@4.0.2)(@deepseek-ai/dsh-scope@0.1.6-alpha.1(@deepseek-ai/cordis@4.0.2)(@deepseek-ai/dsh-invariants@0.1.6-alpha.1(@deepseek-ai/cordis@4.0.2)))
      '@deepseek-ai/dsh-system-prompt': 0.1.6-alpha.1(@deepseek-ai/cordis@4.0.2)(@deepseek-ai/dsh-invariants@0.1.6-alpha.1(@deepseek-ai/cordis@4.0.2))(@deepseek-ai/dsh-llm@0.1.6-alpha.1(@deepseek-ai/cordis@4.0.2))(@deepseek-ai/dsh-scope@0.1.6-alpha.1(@deepseek-ai/cordis@4.0.2)(@deepseek-ai/dsh-invariants@0.1.6-alpha.1(@deepseek-ai/cordis@4.0.2)))
      '@deepseek-ai/schemastery': 3.18.2

  '@deepseek-ai/dsh-util-crypto@0.1.6-alpha.1(@deepseek-ai/cordis@4.0.2)':
    dependencies:
      '@deepseek-ai/cordis': 4.0.2

  '@deepseek-ai/dsh-util-values@0.1.6-alpha.1(@deepseek-ai/cordis@4.0.2)':
    dependencies:
      '@deepseek-ai/cordis': 4.0.2

  '@deepseek-ai/schemastery@3.18.2':
    dependencies:
      '@deepseek-ai/cosmokit': 1.8.3
      '@standard-schema/spec': 1.1.0

  '@koromix/koffi-android-arm64@3.2.1':
    optional: true

  '@koromix/koffi-android-x64@3.2.1':
    optional: true

  '@koromix/koffi-darwin-arm64@3.2.1':
    optional: true

  '@koromix/koffi-darwin-x64@3.2.1':
    optional: true

  '@koromix/koffi-freebsd-arm64@3.2.1':
    optional: true

  '@koromix/koffi-freebsd-ia32@3.2.1':
    optional: true

  '@koromix/koffi-freebsd-x64@3.2.1':
    optional: true

  '@koromix/koffi-linux-arm64@3.2.1':
    optional: true

  '@koromix/koffi-linux-arm@3.2.1':
    optional: true

  '@koromix/koffi-linux-ia32@3.2.1':
    optional: true

  '@koromix/koffi-linux-loong64@3.2.1':
    optional: true

  '@koromix/koffi-linux-riscv64@3.2.1':
    optional: true

  '@koromix/koffi-linux-x64@3.2.1':
    optional: true

  '@koromix/koffi-openbsd-ia32@3.2.1':
    optional: true

  '@koromix/koffi-openbsd-x64@3.2.1':
    optional: true

  '@koromix/koffi-win32-arm64@3.2.1':
    optional: true

  '@koromix/koffi-win32-ia32@3.2.1':
    optional: true

  '@koromix/koffi-win32-x64@3.2.1':
    optional: true

  '@standard-schema/spec@1.1.0': {}

  '@trycua/cua-driver-darwin-arm64@0.28.1':
    optional: true

  '@trycua/cua-driver-darwin-x64@0.28.1':
    optional: true

  '@trycua/cua-driver-linux-arm64-gnu@0.28.1':
    optional: true

  '@trycua/cua-driver-linux-x64-gnu@0.28.1':
    optional: true

  '@trycua/cua-driver-win32-arm64-msvc@0.28.1':
    optional: true

  '@trycua/cua-driver-win32-x64-msvc@0.28.1':
    optional: true

  '@trycua/cua-driver@0.28.1':
    dependencies:
      '@ubjs/core': 0.31.0-3
      '@ubjs/node': 0.31.0-3
    optionalDependencies:
      '@trycua/cua-driver-darwin-arm64': 0.28.1
      '@trycua/cua-driver-darwin-x64': 0.28.1
      '@trycua/cua-driver-linux-arm64-gnu': 0.28.1
      '@trycua/cua-driver-linux-x64-gnu': 0.28.1
      '@trycua/cua-driver-win32-arm64-msvc': 0.28.1
      '@trycua/cua-driver-win32-x64-msvc': 0.28.1

  '@ubjs/core@0.31.0-3': {}

  '@ubjs/node-darwin-arm64@0.31.0-3':
    optional: true

  '@ubjs/node-darwin-x64@0.31.0-3':
    optional: true

  '@ubjs/node-linux-arm64-gnu@0.31.0-3':
    optional: true

  '@ubjs/node-linux-arm64-musl@0.31.0-3':
    optional: true

  '@ubjs/node-linux-x64-gnu@0.31.0-3':
    optional: true

  '@ubjs/node-linux-x64-musl@0.31.0-3':
    optional: true

  '@ubjs/node-win32-arm64-msvc@0.31.0-3':
    optional: true

  '@ubjs/node-win32-x64-msvc@0.31.0-3':
    optional: true

  '@ubjs/node@0.31.0-3':
    optionalDependencies:
      '@ubjs/node-darwin-arm64': 0.31.0-3
      '@ubjs/node-darwin-x64': 0.31.0-3
      '@ubjs/node-linux-arm64-gnu': 0.31.0-3
      '@ubjs/node-linux-arm64-musl': 0.31.0-3
      '@ubjs/node-linux-x64-gnu': 0.31.0-3
      '@ubjs/node-linux-x64-musl': 0.31.0-3
      '@ubjs/node-win32-arm64-msvc': 0.31.0-3
      '@ubjs/node-win32-x64-msvc': 0.31.0-3

  koffi@3.2.1:
    optionalDependencies:
      '@koromix/koffi-android-arm64': 3.2.1
      '@koromix/koffi-android-x64': 3.2.1
      '@koromix/koffi-darwin-arm64': 3.2.1
      '@koromix/koffi-darwin-x64': 3.2.1
      '@koromix/koffi-freebsd-arm64': 3.2.1
      '@koromix/koffi-freebsd-ia32': 3.2.1
      '@koromix/koffi-freebsd-x64': 3.2.1
      '@koromix/koffi-linux-arm': 3.2.1
      '@koromix/koffi-linux-arm64': 3.2.1
      '@koromix/koffi-linux-ia32': 3.2.1
      '@koromix/koffi-linux-loong64': 3.2.1
      '@koromix/koffi-linux-riscv64': 3.2.1
      '@koromix/koffi-linux-x64': 3.2.1
      '@koromix/koffi-openbsd-ia32': 3.2.1
      '@koromix/koffi-openbsd-x64': 3.2.1
      '@koromix/koffi-win32-arm64': 3.2.1
      '@koromix/koffi-win32-ia32': 3.2.1
      '@koromix/koffi-win32-x64': 3.2.1

  zod@4.6.5: {}
